
Microsoft Visual Studio Solution File, Format Version 12.00
# Visual Studio Version 17
VisualStudioVersion = 17.0.31903.59
MinimumVisualStudioVersion = 10.0.40219.1
Project("{2150E333-8FDC-42A3-9474-1A3956D46DE8}") = "src", "src", "{827E0CD3-B72D-47B6-A68D-7590B98EB39B}"
EndProject
Project("{FAE04EC0-301F-11D3-BF4B-00C04F79EFBC}") = "RenPyLocalizationStudio.Core", "src\RenPyLocalizationStudio.Core\RenPyLocalizationStudio.Core.csproj", "{CF171DC4-9011-4267-BEC3-DC868403FE6F}"
EndProject
Project("{FAE04EC0-301F-11D3-BF4B-00C04F79EFBC}") = "RenPyLocalizationStudio.App", "src\RenPyLocalizationStudio.App\RenPyLocalizationStudio.App.csproj", "{4706E57E-6F56-4879-9E15-8ABB0ED0A872}"
EndProject
Project("{2150E333-8FDC-42A3-9474-1A3956D46DE8}") = "tests", "tests", "{0AB3BF05-4346-4AA6-1389-037BE0695223}"
EndProject
Project("{FAE04EC0-301F-11D3-BF4B-00C04F79EFBC}") = "RenPyLocalizationStudio.Tests", "tests\RenPyLocalizationStudio.Tests\RenPyLocalizationStudio.Tests.csproj", "{553508E5-9C98-4F8B-A868-DAD921A37752}"
EndProject
Global
	GlobalSection(SolutionConfigurationPlatforms) = preSolution
		Debug|Any CPU = Debug|Any CPU
		Debug|x64 = Debug|x64
		Debug|x86 = Debug|x86
		Release|Any CPU = Release|Any CPU
		Release|x64 = Release|x64
		Release|x86 = Release|x86
	EndGlobalSection
	GlobalSection(ProjectConfigurationPlatforms) = postSolution
		{CF171DC4-9011-4267-BEC3-DC868403FE6F}.Debug|Any CPU.ActiveCfg = Debug|Any CPU
		{CF171DC4-9011-4267-BEC3-DC868403FE6F}.Debug|Any CPU.Build.0 = Debug|Any CPU
		{CF171DC4-9011-4267-BEC3-DC868403FE6F}.Debug|x64.ActiveCfg = Debug|Any CPU
		{CF171DC4-9011-4267-BEC3-DC868403FE6F}.Debug|x64.Build.0 = Debug|Any CPU
		{CF171DC4-9011-4267-BEC3-DC868403FE6F}.Debug|x86.ActiveCfg = Debug|Any CPU
		{CF171DC4-9011-4267-BEC3-DC868403FE6F}.Debug|x86.Build.0 = Debug|Any CPU
		{CF171DC4-9011-4267-BEC3-DC868403FE6F}.Release|Any CPU.ActiveCfg = Release|Any CPU
		{CF171DC4-9011-4267-BEC3-DC868403FE6F}.Release|Any CPU.Build.0 = Release|Any CPU
		{CF171DC4-9011-4267-BEC3-DC868403FE6F}.Release|x64.ActiveCfg = Release|Any CPU
		{CF171DC4-9011-4267-BEC3-DC868403FE6F}.Release|x64.Build.0 = Release|Any CPU
		{CF171DC4-9011-4267-BEC3-DC868403FE6F}.Release|x86.ActiveCfg = Release|Any CPU
		{CF171DC4-9011-4267-BEC3-DC868403FE6F}.Release|x86.Build.0 = Release|Any CPU
		{4706E57E-6F56-4879-9E15-8ABB0ED0A872}.Debug|Any CPU.ActiveCfg = Debug|Any CPU
		{4706E57E-6F56-4879-9E15-8ABB0ED0A872}.Debug|Any CPU.Build.0 = Debug|Any CPU
		{4706E57E-6F56-4879-9E15-8ABB0ED0A872}.Debug|x64.ActiveCfg = Debug|Any CPU
		{4706E57E-6F56-4879-9E15-8ABB0ED0A872}.Debug|x64.Build.0 = Debug|Any CPU
		{4706E57E-6F56-4879-9E15-8ABB0ED0A872}.Debug|x86.ActiveCfg = Debug|Any CPU
		{4706E57E-6F56-4879-9E15-8ABB0ED0A872}.Debug|x86.Build.0 = Debug|Any CPU
		{4706E57E-6F56-4879-9E15-8ABB0ED0A872}.Release|Any CPU.ActiveCfg = Release|Any CPU
		{4706E57E-6F56-4879-9E15-8ABB0ED0A872}.Release|Any CPU.Build.0 = Release|Any CPU
		{4706E57E-6F56-4879-9E15-8ABB0ED0A872}.Release|x64.ActiveCfg = Release|Any CPU
		{4706E57E-6F56-4879-9E15-8ABB0ED0A872}.Release|x64.Build.0 = Release|Any CPU
		{4706E57E-6F56-4879-9E15-8ABB0ED0A872}.Release|x86.ActiveCfg = Release|Any CPU
		{4706E57E-6F56-4879-9E15-8ABB0ED0A872}.Release|x86.Build.0 = Release|Any CPU
		{553508E5-9C98-4F8B-A868-DAD921A37752}.Debug|Any CPU.ActiveCfg = Debug|Any CPU
		{553508E5-9C98-4F8B-A868-DAD921A37752}.Debug|Any CPU.Build.0 = Debug|Any CPU
		{553508E5-9C98-4F8B-A868-DAD921A37752}.Debug|x64.ActiveCfg = Debug|Any CPU
		{553508E5-9C98-4F8B-A868-DAD921A37752}.Debug|x64.Build.0 = Debug|Any CPU
		{553508E5-9C98-4F8B-A868-DAD921A37752}.Debug|x86.ActiveCfg = Debug|Any CPU
		{553508E5-9C98-4F8B-A868-DAD921A37752}.Debug|x86.Build.0 = Debug|Any CPU
		{553508E5-9C98-4F8B-A868-DAD921A37752}.Release|Any CPU.ActiveCfg = Release|Any CPU
		{553508E5-9C98-4F8B-A868-DAD921A37752}.Release|Any CPU.Build.0 = Release|Any CPU
		{553508E5-9C98-4F8B-A868-DAD921A37752}.Release|x64.ActiveCfg = Release|Any CPU
		{553508E5-9C98-4F8B-A868-DAD921A37752}.Release|x64.Build.0 = Release|Any CPU
		{553508E5-9C98-4F8B-A868-DAD921A37752}.Release|x86.ActiveCfg = Release|Any CPU
		{553508E5-9C98-4F8B-A868-DAD921A37752}.Release|x86.Build.0 = Release|Any CPU
	EndGlobalSection
	GlobalSection(SolutionProperties) = preSolution
		HideSolutionNode = FALSE
	EndGlobalSection
	GlobalSection(NestedProjects) = preSolution
		{CF171DC4-9011-4267-BEC3-DC868403FE6F} = {827E0CD3-B72D-47B6-A68D-7590B98EB39B}
		{4706E57E-6F56-4879-9E15-8ABB0ED0A872} = {827E0CD3-B72D-47B6-A68D-7590B98EB39B}
		{553508E5-9C98-4F8B-A868-DAD921A37752} = {0AB3BF05-4346-4AA6-1389-037BE0695223}
	EndGlobalSection
EndGlobal
